
Microsoft Visual Studio Solution File, Format Version 12.00
# Visual Studio Version 17
VisualStudioVersion = 17.1.31911.260
MinimumVisualStudioVersion = 10.0.40219.1
Project("{9A19103F-16F7-4668-BE54-9A1E7A4F7556}") = "DirectDimensional.Editor", "DirectDimensional.Editor.csproj", "{16835A85-6F09-4F19-801E-F0ABED182C3A}"
EndProject
Project("{9A19103F-16F7-4668-BE54-9A1E7A4F7556}") = "DirectDimensional.Bindings", "..\DirectDimensional.Bindings\DirectDimensional.Bindings.csproj", "{A0C91AF9-4DFC-4923-8E24-3BD1E5F21D67}"
EndProject
Project("{9A19103F-16F7-4668-BE54-9A1E7A4F7556}") = "DirectDimensional.Runtime", "..\DirectDimensional.Runtime\DirectDimensional.Runtime.csproj", "{AA2957D0-9498-4A31-8FA7-10ACF92201BA}"
EndProject
Project("{9A19103F-16F7-4668-BE54-9A1E7A4F7556}") = "DirectDimensional.Core", "..\DirectDimensional.Core\DirectDimensional.Core.csproj", "{37462039-B67F-4658-BA02-7733E5B255DA}"
EndProject
Global
	GlobalSection(SolutionConfigurationPlatforms) = preSolution
		Debug|Any CPU = Debug|Any CPU
		Release|Any CPU = Release|Any CPU
	EndGlobalSection
	GlobalSection(ProjectConfigurationPlatforms) = postSolution
		{16835A85-6F09-4F19-801E-F0ABED182C3A}.Debug|Any CPU.ActiveCfg = Debug|Any CPU
		{16835A85-6F09-4F19-801E-F0ABED182C3A}.Debug|Any CPU.Build.0 = Debug|Any CPU
		{16835A85-6F09-4F19-801E-F0ABED182C3A}.Release|Any CPU.ActiveCfg = Release|Any CPU
		{16835A85-6F09-4F19-801E-F0ABED182C3A}.Release|Any CPU.Build.0 = Release|Any CPU
		{A0C91AF9-4DFC-4923-8E24-3BD1E5F21D67}.Debug|Any CPU.ActiveCfg = Debug|Any CPU
		{A0C91AF9-4DFC-4923-8E24-3BD1E5F21D67}.Debug|Any CPU.Build.0 = Debug|Any CPU
		{A0C91AF9-4DFC-4923-8E24-3BD1E5F21D67}.Release|Any CPU.ActiveCfg = Release|Any CPU
		{A0C91AF9-4DFC-4923-8E24-3BD1E5F21D67}.Release|Any CPU.Build.0 = Release|Any CPU
		{AA2957D0-9498-4A31-8FA7-10ACF92201BA}.Debug|Any CPU.ActiveCfg = Debug|Any CPU
		{AA2957D0-9498-4A31-8FA7-10ACF92201BA}.Debug|Any CPU.Build.0 = Debug|Any CPU
		{AA2957D0-9498-4A31-8FA7-10ACF92201BA}.Release|Any CPU.ActiveCfg = Release|Any CPU
		{AA2957D0-9498-4A31-8FA7-10ACF92201BA}.Release|Any CPU.Build.0 = Release|Any CPU
		{37462039-B67F-4658-BA02-7733E5B255DA}.Debug|Any CPU.ActiveCfg = Debug|Any CPU
		{37462039-B67F-4658-BA02-7733E5B255DA}.Debug|Any CPU.Build.0 = Debug|Any CPU
		{37462039-B67F-4658-BA02-7733E5B255DA}.Release|Any CPU.ActiveCfg = Release|Any CPU
		{37462039-B67F-4658-BA02-7733E5B255DA}.Release|Any CPU.Build.0 = Release|Any CPU
	EndGlobalSection
	GlobalSection(SolutionProperties) = preSolution
		HideSolutionNode = FALSE
	EndGlobalSection
	GlobalSection(ExtensibilityGlobals) = postSolution
		SolutionGuid = {06FD8C45-53AC-4E70-A575-00C9AC3AFC6F}
	EndGlobalSection
EndGlobal
